
Microsoft Visual Studio Solution File, Format Version 12.00
# Visual Studio 14
VisualStudioVersion = 14.0.25420.1
MinimumVisualStudioVersion = 10.0.40219.1
Project("{8BC9CEB8-8B4A-11D0-8D11-00A0C91BC942}") = "HumanPoseDLL", "HumanPose\HumanPose.vcxproj", "{F3A01372-E37F-41C1-8C1A-8A42131660D5}"
EndProject
Project("{8BC9CEB8-8B4A-11D0-8D11-00A0C91BC942}") = "HumanPoseAPP", "HumanPoseAPP\HumanPoseAPP.vcxproj", "{EBCF4266-701F-463E-A0D9-ED3A46582636}"
EndProject
Global
	GlobalSection(SolutionConfigurationPlatforms) = preSolution
		Debug|x64 = Debug|x64
		Debug|x86 = Debug|x86
		Release|x64 = Release|x64
		Release|x86 = Release|x86
	EndGlobalSection
	GlobalSection(ProjectConfigurationPlatforms) = postSolution
		{F3A01372-E37F-41C1-8C1A-8A42131660D5}.Debug|x64.ActiveCfg = Debug|x64
		{F3A01372-E37F-41C1-8C1A-8A42131660D5}.Debug|x64.Build.0 = Debug|x64
		{F3A01372-E37F-41C1-8C1A-8A42131660D5}.Debug|x86.ActiveCfg = Debug|Win32
		{F3A01372-E37F-41C1-8C1A-8A42131660D5}.Debug|x86.Build.0 = Debug|Win32
		{F3A01372-E37F-41C1-8C1A-8A42131660D5}.Release|x64.ActiveCfg = Release|x64
		{F3A01372-E37F-41C1-8C1A-8A42131660D5}.Release|x64.Build.0 = Release|x64
		{F3A01372-E37F-41C1-8C1A-8A42131660D5}.Release|x86.ActiveCfg = Release|Win32
		{F3A01372-E37F-41C1-8C1A-8A42131660D5}.Release|x86.Build.0 = Release|Win32
		{EBCF4266-701F-463E-A0D9-ED3A46582636}.Debug|x64.ActiveCfg = Debug|x64
		{EBCF4266-701F-463E-A0D9-ED3A46582636}.Debug|x64.Build.0 = Debug|x64
		{EBCF4266-701F-463E-A0D9-ED3A46582636}.Debug|x86.ActiveCfg = Debug|Win32
		{EBCF4266-701F-463E-A0D9-ED3A46582636}.Debug|x86.Build.0 = Debug|Win32
		{EBCF4266-701F-463E-A0D9-ED3A46582636}.Release|x64.ActiveCfg = Release|x64
		{EBCF4266-701F-463E-A0D9-ED3A46582636}.Release|x64.Build.0 = Release|x64
		{EBCF4266-701F-463E-A0D9-ED3A46582636}.Release|x86.ActiveCfg = Release|Win32
		{EBCF4266-701F-463E-A0D9-ED3A46582636}.Release|x86.Build.0 = Release|Win32
	EndGlobalSection
	GlobalSection(SolutionProperties) = preSolution
		HideSolutionNode = FALSE
	EndGlobalSection
EndGlobal
